Microsoft Visual Studio Solution File, Format Version 12.00
# Visual Studio Version 16
VisualStudioVersion = 16.0.31321.278
MinimumVisualStudioVersion = 10.0.40219.1
Project("{FAE04EC0-301F-11D3-BF4B-00C04F79EFBC}") = "JiangH-blend", "JiangH-blend.csproj", "{B2072089-B438-4E2C-8A4E-33486D2555E9}"
	ProjectSection(ProjectDependencies) = postProject
		{DEECC72B-7BCB-4A94-874E-B157F81C15A3} = {DEECC72B-7BCB-4A94-874E-B157F81C15A3}
	EndProjectSection
EndProject
Project("{FAE04EC0-301F-11D3-BF4B-00C04F79EFBC}") = "Mods.Native", "Mod.Native\Mods.Native.csproj", "{DEECC72B-7BCB-4A94-874E-B157F81C15A3}"
EndProject
Project("{FAE04EC0-301F-11D3-BF4B-00C04F79EFBC}") = "JiangH.UI", "JiangH.UI\JiangH.UI.csproj", "{BB2B81B3-47BD-4222-9C8C-F29ED06FD6E5}"
EndProject
Project("{FAE04EC0-301F-11D3-BF4B-00C04F79EFBC}") = "JiangH.Kernel", "JiangH.Kernel\JiangH.Kernel.csproj", "{FCC02EB3-7A21-4D05-9FBC-EFFDE7BFD74A}"
EndProject
Global
	GlobalSection(SolutionConfigurationPlatforms) = preSolution
		Debug|Any CPU = Debug|Any CPU
		Release|Any CPU = Release|Any CPU
	EndGlobalSection
	GlobalSection(ProjectConfigurationPlatforms) = postSolution
		{B2072089-B438-4E2C-8A4E-33486D2555E9}.Debug|Any CPU.ActiveCfg = Debug|Any CPU
		{B2072089-B438-4E2C-8A4E-33486D2555E9}.Debug|Any CPU.Build.0 = Debug|Any CPU
		{B2072089-B438-4E2C-8A4E-33486D2555E9}.Release|Any CPU.ActiveCfg = Release|Any CPU
		{B2072089-B438-4E2C-8A4E-33486D2555E9}.Release|Any CPU.Build.0 = Release|Any CPU
		{DEECC72B-7BCB-4A94-874E-B157F81C15A3}.Debug|Any CPU.ActiveCfg = Debug|Any CPU
		{DEECC72B-7BCB-4A94-874E-B157F81C15A3}.Debug|Any CPU.Build.0 = Debug|Any CPU
		{DEECC72B-7BCB-4A94-874E-B157F81C15A3}.Release|Any CPU.ActiveCfg = Release|Any CPU
		{DEECC72B-7BCB-4A94-874E-B157F81C15A3}.Release|Any CPU.Build.0 = Release|Any CPU
		{BB2B81B3-47BD-4222-9C8C-F29ED06FD6E5}.Debug|Any CPU.ActiveCfg = Debug|Any CPU
		{BB2B81B3-47BD-4222-9C8C-F29ED06FD6E5}.Debug|Any CPU.Build.0 = Debug|Any CPU
		{BB2B81B3-47BD-4222-9C8C-F29ED06FD6E5}.Release|Any CPU.ActiveCfg = Release|Any CPU
		{BB2B81B3-47BD-4222-9C8C-F29ED06FD6E5}.Release|Any CPU.Build.0 = Release|Any CPU
		{FCC02EB3-7A21-4D05-9FBC-EFFDE7BFD74A}.Debug|Any CPU.ActiveCfg = Debug|Any CPU
		{FCC02EB3-7A21-4D05-9FBC-EFFDE7BFD74A}.Debug|Any CPU.Build.0 = Debug|Any CPU
		{FCC02EB3-7A21-4D05-9FBC-EFFDE7BFD74A}.Release|Any CPU.ActiveCfg = Release|Any CPU
		{FCC02EB3-7A21-4D05-9FBC-EFFDE7BFD74A}.Release|Any CPU.Build.0 = Release|Any CPU
	EndGlobalSection
	GlobalSection(SolutionProperties) = preSolution
		HideSolutionNode = FALSE
	EndGlobalSection
	GlobalSection(ExtensibilityGlobals) = postSolution
		SolutionGuid = {8CDDDA65-7943-471C-801A-92FD679D928E}
	EndGlobalSection
EndGlobal
